
Microsoft Visual Studio Solution File, Format Version 12.00
# Visual Studio Version 16
VisualStudioVersion = 16.0.28701.123
MinimumVisualStudioVersion = 10.0.40219.1
Project("{FAE04EC0-301F-11D3-BF4B-00C04F79EFBC}") = "Mobile.IoTMonitor.Android", "Mobile.IoTMonitor\Mobile.IoTMonitor.Android\Mobile.IoTMonitor.Android.csproj", "{CFE4FA6E-8790-4FBB-8466-A67392D8D661}"
EndProject
Project("{FAE04EC0-301F-11D3-BF4B-00C04F79EFBC}") = "Mobile.IoTMonitor.iOS", "Mobile.IoTMonitor\Mobile.IoTMonitor.iOS\Mobile.IoTMonitor.iOS.csproj", "{385B5EA6-B244-41BB-962C-1796116D7B3D}"
EndProject
Project("{9A19103F-16F7-4668-BE54-9A1E7A4F7556}") = "Mobile.IoTMonitor", "Mobile.IoTMonitor\Mobile.IoTMonitor\Mobile.IoTMonitor.csproj", "{75E296DD-1259-4673-B59C-BCAB86FE2712}"
EndProject
Project("{FAE04EC0-301F-11D3-BF4B-00C04F79EFBC}") = "Mobile.IoTMonitor.UWP", "Mobile.IoTMonitor\Mobile.IoTMonitor.UWP\Mobile.IoTMonitor.UWP.csproj", "{980001C3-6608-44F1-BA25-B65093C9895A}"
EndProject
Project("{9A19103F-16F7-4668-BE54-9A1E7A4F7556}") = "Console.IoTMonitor", "Console.IoTMonitor\Console.IoTMonitor.csproj", "{8906705E-CBD3-49CA-9EB6-CA70F747170B}"
EndProject
Project("{2150E333-8FDC-42A3-9474-1A3956D46DE8}") = "App", "App", "{D6456BFD-8793-43C7-BFEE-F5801251FA32}"
EndProject
Global
	GlobalSection(SolutionConfigurationPlatforms) = preSolution
		Debug|Any CPU = Debug|Any CPU
		Debug|ARM = Debug|ARM
		Debug|ARM64 = Debug|ARM64
		Debug|iPhone = Debug|iPhone
		Debug|iPhoneSimulator = Debug|iPhoneSimulator
		Debug|x64 = Debug|x64
		Debug|x86 = Debug|x86
		Release|Any CPU = Release|Any CPU
		Release|ARM = Release|ARM
		Release|ARM64 = Release|ARM64
		Release|iPhone = Release|iPhone
		Release|iPhoneSimulator = Release|iPhoneSimulator
		Release|x64 = Release|x64
		Release|x86 = Release|x86
	EndGlobalSection
	GlobalSection(ProjectConfigurationPlatforms) = postSolution
		{CFE4FA6E-8790-4FBB-8466-A67392D8D661}.Debug|Any CPU.ActiveCfg = Debug|Any CPU
		{CFE4FA6E-8790-4FBB-8466-A67392D8D661}.Debug|Any CPU.Build.0 = Debug|Any CPU
		{CFE4FA6E-8790-4FBB-8466-A67392D8D661}.Debug|Any CPU.Deploy.0 = Debug|Any CPU
		{CFE4FA6E-8790-4FBB-8466-A67392D8D661}.Debug|ARM.ActiveCfg = Debug|Any CPU
		{CFE4FA6E-8790-4FBB-8466-A67392D8D661}.Debug|ARM.Build.0 = Debug|Any CPU
		{CFE4FA6E-8790-4FBB-8466-A67392D8D661}.Debug|ARM.Deploy.0 = Debug|Any CPU
		{CFE4FA6E-8790-4FBB-8466-A67392D8D661}.Debug|ARM64.ActiveCfg = Debug|Any CPU
		{CFE4FA6E-8790-4FBB-8466-A67392D8D661}.Debug|ARM64.Build.0 = Debug|Any CPU
		{CFE4FA6E-8790-4FBB-8466-A67392D8D661}.Debug|ARM64.Deploy.0 = Debug|Any CPU
		{CFE4FA6E-8790-4FBB-8466-A67392D8D661}.Debug|iPhone.ActiveCfg = Debug|Any CPU
		{CFE4FA6E-8790-4FBB-8466-A67392D8D661}.Debug|iPhone.Build.0 = Debug|Any CPU
		{CFE4FA6E-8790-4FBB-8466-A67392D8D661}.Debug|iPhone.Deploy.0 = Debug|Any CPU
		{CFE4FA6E-8790-4FBB-8466-A67392D8D661}.Debug|iPhoneSimulator.ActiveCfg = Debug|Any CPU
		{CFE4FA6E-8790-4FBB-8466-A67392D8D661}.Debug|iPhoneSimulator.Build.0 = Debug|Any CPU
		{CFE4FA6E-8790-4FBB-8466-A67392D8D661}.Debug|iPhoneSimulator.Deploy.0 = Debug|Any CPU
		{CFE4FA6E-8790-4FBB-8466-A67392D8D661}.Debug|x64.ActiveCfg = Debug|Any CPU
		{CFE4FA6E-8790-4FBB-8466-A67392D8D661}.Debug|x64.Build.0 = Debug|Any CPU
		{CFE4FA6E-8790-4FBB-8466-A67392D8D661}.Debug|x64.Deploy.0 = Debug|Any CPU
		{CFE4FA6E-8790-4FBB-8466-A67392D8D661}.Debug|x86.ActiveCfg = Debug|Any CPU
		{CFE4FA6E-8790-4FBB-8466-A67392D8D661}.Release|Any CPU.ActiveCfg = Release|Any CPU
		{CFE4FA6E-8790-4FBB-8466-A67392D8D661}.Release|Any CPU.Build.0 = Release|Any CPU
		{CFE4FA6E-8790-4FBB-8466-A67392D8D661}.Release|Any CPU.Deploy.0 = Release|Any CPU
		{CFE4FA6E-8790-4FBB-8466-A67392D8D661}.Release|ARM.ActiveCfg = Release|Any CPU
		{CFE4FA6E-8790-4FBB-8466-A67392D8D661}.Release|ARM.Build.0 = Release|Any CPU
		{CFE4FA6E-8790-4FBB-8466-A67392D8D661}.Release|ARM.Deploy.0 = Release|Any CPU
		{CFE4FA6E-8790-4FBB-8466-A67392D8D661}.Release|ARM64.ActiveCfg = Release|Any CPU
		{CFE4FA6E-8790-4FBB-8466-A67392D8D661}.Release|ARM64.Build.0 = Release|Any CPU
		{CFE4FA6E-8790-4FBB-8466-A67392D8D661}.Release|ARM64.Deploy.0 = Release|Any CPU
		{CFE4FA6E-8790-4FBB-8466-A67392D8D661}.Release|iPhone.ActiveCfg = Release|Any CPU
		{CFE4FA6E-8790-4FBB-8466-A67392D8D661}.Release|iPhone.Build.0 = Release|Any CPU
		{CFE4FA6E-8790-4FBB-8466-A67392D8D661}.Release|iPhone.Deploy.0 = Release|Any CPU
		{CFE4FA6E-8790-4FBB-8466-A67392D8D661}.Release|iPhoneSimulator.ActiveCfg = Release|Any CPU
		{CFE4FA6E-8790-4FBB-8466-A67392D8D661}.Release|iPhoneSimulator.Build.0 = Release|Any CPU
		{CFE4FA6E-8790-4FBB-8466-A67392D8D661}.Release|iPhoneSimulator.Deploy.0 = Release|Any CPU
		{CFE4FA6E-8790-4FBB-8466-A67392D8D661}.Release|x64.ActiveCfg = Release|Any CPU
		{CFE4FA6E-8790-4FBB-8466-A67392D8D661}.Release|x64.Build.0 = Release|Any CPU
		{CFE4FA6E-8790-4FBB-8466-A67392D8D661}.Release|x64.Deploy.0 = Release|Any CPU
		{CFE4FA6E-8790-4FBB-8466-A67392D8D661}.Release|x86.ActiveCfg = Release|Any CPU
		{CFE4FA6E-8790-4FBB-8466-A67392D8D661}.Release|x86.Build.0 = Release|Any CPU
		{CFE4FA6E-8790-4FBB-8466-A67392D8D661}.Release|x86.Deploy.0 = Release|Any CPU
		{385B5EA6-B244-41BB-962C-1796116D7B3D}.Debug|Any CPU.ActiveCfg = Debug|iPhoneSimulator
		{385B5EA6-B244-41BB-962C-1796116D7B3D}.Debug|Any CPU.Build.0 = Debug|iPhoneSimulator
		{385B5EA6-B244-41BB-962C-1796116D7B3D}.Debug|Any CPU.Deploy.0 = Debug|iPhoneSimulator
		{385B5EA6-B244-41BB-962C-1796116D7B3D}.Debug|ARM.ActiveCfg = Debug|iPhone
		{385B5EA6-B244-41BB-962C-1796116D7B3D}.Debug|ARM64.ActiveCfg = Debug|iPhone
		{385B5EA6-B244-41BB-962C-1796116D7B3D}.Debug|iPhone.ActiveCfg = Debug|iPhone
		{385B5EA6-B244-41BB-962C-1796116D7B3D}.Debug|iPhone.Build.0 = Debug|iPhone
		{385B5EA6-B244-41BB-962C-1796116D7B3D}.Debug|iPhone.Deploy.0 = Debug|iPhone
		{385B5EA6-B244-41BB-962C-1796116D7B3D}.Debug|iPhoneSimulator.ActiveCfg = Debug|iPhoneSimulator
		{385B5EA6-B244-41BB-962C-1796116D7B3D}.Debug|iPhoneSimulator.Build.0 = Debug|iPhoneSimulator
		{385B5EA6-B244-41BB-962C-1796116D7B3D}.Debug|iPhoneSimulator.Deploy.0 = Debug|iPhoneSimulator
		{385B5EA6-B244-41BB-962C-1796116D7B3D}.Debug|x64.ActiveCfg = Debug|iPhone
		{385B5EA6-B244-41BB-962C-1796116D7B3D}.Debug|x86.ActiveCfg = Debug|iPhone
		{385B5EA6-B244-41BB-962C-1796116D7B3D}.Release|Any CPU.ActiveCfg = Release|iPhone
		{385B5EA6-B244-41BB-962C-1796116D7B3D}.Release|Any CPU.Build.0 = Release|iPhone
		{385B5EA6-B244-41BB-962C-1796116D7B3D}.Release|Any CPU.Deploy.0 = Release|iPhone
		{385B5EA6-B244-41BB-962C-1796116D7B3D}.Release|ARM.ActiveCfg = Release|iPhone
		{385B5EA6-B244-41BB-962C-1796116D7B3D}.Release|ARM64.ActiveCfg = Release|iPhone
		{385B5EA6-B244-41BB-962C-1796116D7B3D}.Release|iPhone.ActiveCfg = Release|iPhone
		{385B5EA6-B244-41BB-962C-1796116D7B3D}.Release|iPhone.Build.0 = Release|iPhone
		{385B5EA6-B244-41BB-962C-1796116D7B3D}.Release|iPhone.Deploy.0 = Release|iPhone
		{385B5EA6-B244-41BB-962C-1796116D7B3D}.Release|iPhoneSimulator.ActiveCfg = Release|iPhoneSimulator
		{385B5EA6-B244-41BB-962C-1796116D7B3D}.Release|iPhoneSimulator.Build.0 = Release|iPhoneSimulator
		{385B5EA6-B244-41BB-962C-1796116D7B3D}.Release|iPhoneSimulator.Deploy.0 = Release|iPhoneSimulator
		{385B5EA6-B244-41BB-962C-1796116D7B3D}.Release|x64.ActiveCfg = Release|iPhone
		{385B5EA6-B244-41BB-962C-1796116D7B3D}.Release|x86.ActiveCfg = Release|iPhone
		{75E296DD-1259-4673-B59C-BCAB86FE2712}.Debug|Any CPU.ActiveCfg = Debug|Any CPU
		{75E296DD-1259-4673-B59C-BCAB86FE2712}.Debug|Any CPU.Build.0 = Debug|Any CPU
		{75E296DD-1259-4673-B59C-BCAB86FE2712}.Debug|Any CPU.Deploy.0 = Debug|Any CPU
		{75E296DD-1259-4673-B59C-BCAB86FE2712}.Debug|ARM.ActiveCfg = Debug|Any CPU
		{75E296DD-1259-4673-B59C-BCAB86FE2712}.Debug|ARM.Build.0 = Debug|Any CPU
		{75E296DD-1259-4673-B59C-BCAB86FE2712}.Debug|ARM64.ActiveCfg = Debug|Any CPU
		{75E296DD-1259-4673-B59C-BCAB86FE2712}.Debug|ARM64.Build.0 = Debug|Any CPU
		{75E296DD-1259-4673-B59C-BCAB86FE2712}.Debug|iPhone.ActiveCfg = Debug|Any CPU
		{75E296DD-1259-4673-B59C-BCAB86FE2712}.Debug|iPhone.Build.0 = Debug|Any CPU
		{75E296DD-1259-4673-B59C-BCAB86FE2712}.Debug|iPhone.Deploy.0 = Debug|Any CPU
		{75E296DD-1259-4673-B59C-BCAB86FE2712}.Debug|iPhoneSimulator.ActiveCfg = Debug|Any CPU
		{75E296DD-1259-4673-B59C-BCAB86FE2712}.Debug|iPhoneSimulator.Build.0 = Debug|Any CPU
		{75E296DD-1259-4673-B59C-BCAB86FE2712}.Debug|iPhoneSimulator.Deploy.0 = Debug|Any CPU
		{75E296DD-1259-4673-B59C-BCAB86FE2712}.Debug|x64.ActiveCfg = Debug|Any CPU
		{75E296DD-1259-4673-B59C-BCAB86FE2712}.Debug|x64.Build.0 = Debug|Any CPU
		{75E296DD-1259-4673-B59C-BCAB86FE2712}.Debug|x86.ActiveCfg = Debug|Any CPU
		{75E296DD-1259-4673-B59C-BCAB86FE2712}.Debug|x86.Build.0 = Debug|Any CPU
		{75E296DD-1259-4673-B59C-BCAB86FE2712}.Release|Any CPU.ActiveCfg = Release|Any CPU
		{75E296DD-1259-4673-B59C-BCAB86FE2712}.Release|Any CPU.Build.0 = Release|Any CPU
		{75E296DD-1259-4673-B59C-BCAB86FE2712}.Release|Any CPU.Deploy.0 = Release|Any CPU
		{75E296DD-1259-4673-B59C-BCAB86FE2712}.Release|ARM.ActiveCfg = Release|Any CPU
		{75E296DD-1259-4673-B59C-BCAB86FE2712}.Release|ARM.Build.0 = Release|Any CPU
		{75E296DD-1259-4673-B59C-BCAB86FE2712}.Release|ARM64.ActiveCfg = Release|Any CPU
		{75E296DD-1259-4673-B59C-BCAB86FE2712}.Release|ARM64.Build.0 = Release|Any CPU
		{75E296DD-1259-4673-B59C-BCAB86FE2712}.Release|iPhone.ActiveCfg = Release|Any CPU
		{75E296DD-1259-4673-B59C-BCAB86FE2712}.Release|iPhone.Build.0 = Release|Any CPU
		{75E296DD-1259-4673-B59C-BCAB86FE2712}.Release|iPhone.Deploy.0 = Release|Any CPU
		{75E296DD-1259-4673-B59C-BCAB86FE2712}.Release|iPhoneSimulator.ActiveCfg = Release|Any CPU
		{75E296DD-1259-4673-B59C-BCAB86FE2712}.Release|iPhoneSimulator.Build.0 = Release|Any CPU
		{75E296DD-1259-4673-B59C-BCAB86FE2712}.Release|iPhoneSimulator.Deploy.0 = Release|Any CPU
		{75E296DD-1259-4673-B59C-BCAB86FE2712}.Release|x64.ActiveCfg = Release|Any CPU
		{75E296DD-1259-4673-B59C-BCAB86FE2712}.Release|x64.Build.0 = Release|Any CPU
		{75E296DD-1259-4673-B59C-BCAB86FE2712}.Release|x86.ActiveCfg = Release|Any CPU
		{75E296DD-1259-4673-B59C-BCAB86FE2712}.Release|x86.Build.0 = Release|Any CPU
		{980001C3-6608-44F1-BA25-B65093C9895A}.Debug|Any CPU.ActiveCfg = Debug|x86
		{980001C3-6608-44F1-BA25-B65093C9895A}.Debug|ARM.ActiveCfg = Debug|ARM
		{980001C3-6608-44F1-BA25-B65093C9895A}.Debug|ARM.Build.0 = Debug|ARM
		{980001C3-6608-44F1-BA25-B65093C9895A}.Debug|ARM.Deploy.0 = Debug|ARM
		{980001C3-6608-44F1-BA25-B65093C9895A}.Debug|ARM64.ActiveCfg = Debug|ARM64
		{980001C3-6608-44F1-BA25-B65093C9895A}.Debug|ARM64.Build.0 = Debug|ARM64
		{980001C3-6608-44F1-BA25-B65093C9895A}.Debug|ARM64.Deploy.0 = Debug|ARM64
		{980001C3-6608-44F1-BA25-B65093C9895A}.Debug|iPhone.ActiveCfg = Debug|x86
		{980001C3-6608-44F1-BA25-B65093C9895A}.Debug|iPhoneSimulator.ActiveCfg = Debug|x86
		{980001C3-6608-44F1-BA25-B65093C9895A}.Debug|x64.ActiveCfg = Debug|x64
		{980001C3-6608-44F1-BA25-B65093C9895A}.Debug|x64.Build.0 = Debug|x64
		{980001C3-6608-44F1-BA25-B65093C9895A}.Debug|x64.Deploy.0 = Debug|x64
		{980001C3-6608-44F1-BA25-B65093C9895A}.Debug|x86.ActiveCfg = Debug|x86
		{980001C3-6608-44F1-BA25-B65093C9895A}.Debug|x86.Build.0 = Debug|x86
		{980001C3-6608-44F1-BA25-B65093C9895A}.Debug|x86.Deploy.0 = Debug|x86
		{980001C3-6608-44F1-BA25-B65093C9895A}.Release|Any CPU.ActiveCfg = Release|x86
		{980001C3-6608-44F1-BA25-B65093C9895A}.Release|ARM.ActiveCfg = Release|ARM
		{980001C3-6608-44F1-BA25-B65093C9895A}.Release|ARM.Build.0 = Release|ARM
		{980001C3-6608-44F1-BA25-B65093C9895A}.Release|ARM.Deploy.0 = Release|ARM
		{980001C3-6608-44F1-BA25-B65093C9895A}.Release|ARM64.ActiveCfg = Release|ARM64
		{980001C3-6608-44F1-BA25-B65093C9895A}.Release|ARM64.Build.0 = Release|ARM64
		{980001C3-6608-44F1-BA25-B65093C9895A}.Release|ARM64.Deploy.0 = Release|ARM64
		{980001C3-6608-44F1-BA25-B65093C9895A}.Release|iPhone.ActiveCfg = Release|x86
		{980001C3-6608-44F1-BA25-B65093C9895A}.Release|iPhoneSimulator.ActiveCfg = Release|x86
		{980001C3-6608-44F1-BA25-B65093C9895A}.Release|x64.ActiveCfg = Release|x64
		{980001C3-6608-44F1-BA25-B65093C9895A}.Release|x64.Build.0 = Release|x64
		{980001C3-6608-44F1-BA25-B65093C9895A}.Release|x64.Deploy.0 = Release|x64
		{980001C3-6608-44F1-BA25-B65093C9895A}.Release|x86.ActiveCfg = Release|x86
		{980001C3-6608-44F1-BA25-B65093C9895A}.Release|x86.Build.0 = Release|x86
		{980001C3-6608-44F1-BA25-B65093C9895A}.Release|x86.Deploy.0 = Release|x86
		{8906705E-CBD3-49CA-9EB6-CA70F747170B}.Debug|Any CPU.ActiveCfg = Debug|Any CPU
		{8906705E-CBD3-49CA-9EB6-CA70F747170B}.Debug|Any CPU.Build.0 = Debug|Any CPU
		{8906705E-CBD3-49CA-9EB6-CA70F747170B}.Debug|ARM.ActiveCfg = Debug|Any CPU
		{8906705E-CBD3-49CA-9EB6-CA70F747170B}.Debug|ARM.Build.0 = Debug|Any CPU
		{8906705E-CBD3-49CA-9EB6-CA70F747170B}.Debug|ARM64.ActiveCfg = Debug|Any CPU
		{8906705E-CBD3-49CA-9EB6-CA70F747170B}.Debug|ARM64.Build.0 = Debug|Any CPU
		{8906705E-CBD3-49CA-9EB6-CA70F747170B}.Debug|iPhone.ActiveCfg = Debug|Any CPU
		{8906705E-CBD3-49CA-9EB6-CA70F747170B}.Debug|iPhone.Build.0 = Debug|Any CPU
		{8906705E-CBD3-49CA-9EB6-CA70F747170B}.Debug|iPhoneSimulator.ActiveCfg = Debug|Any CPU
		{8906705E-CBD3-49CA-9EB6-CA70F747170B}.Debug|iPhoneSimulator.Build.0 = Debug|Any CPU
		{8906705E-CBD3-49CA-9EB6-CA70F747170B}.Debug|x64.ActiveCfg = Debug|Any CPU
		{8906705E-CBD3-49CA-9EB6-CA70F747170B}.Debug|x64.Build.0 = Debug|Any CPU
		{8906705E-CBD3-49CA-9EB6-CA70F747170B}.Debug|x86.ActiveCfg = Debug|Any CPU
		{8906705E-CBD3-49CA-9EB6-CA70F747170B}.Debug|x86.Build.0 = Debug|Any CPU
		{8906705E-CBD3-49CA-9EB6-CA70F747170B}.Release|Any CPU.ActiveCfg = Release|Any CPU
		{8906705E-CBD3-49CA-9EB6-CA70F747170B}.Release|Any CPU.Build.0 = Release|Any CPU
		{8906705E-CBD3-49CA-9EB6-CA70F747170B}.Release|ARM.ActiveCfg = Release|Any CPU
		{8906705E-CBD3-49CA-9EB6-CA70F747170B}.Release|ARM.Build.0 = Release|Any CPU
		{8906705E-CBD3-49CA-9EB6-CA70F747170B}.Release|ARM64.ActiveCfg = Release|Any CPU
		{8906705E-CBD3-49CA-9EB6-CA70F747170B}.Release|ARM64.Build.0 = Release|Any CPU
		{8906705E-CBD3-49CA-9EB6-CA70F747170B}.Release|iPhone.ActiveCfg = Release|Any CPU
		{8906705E-CBD3-49CA-9EB6-CA70F747170B}.Release|iPhone.Build.0 = Release|Any CPU
		{8906705E-CBD3-49CA-9EB6-CA70F747170B}.Release|iPhoneSimulator.ActiveCfg = Release|Any CPU
		{8906705E-CBD3-49CA-9EB6-CA70F747170B}.Release|iPhoneSimulator.Build.0 = Release|Any CPU
		{8906705E-CBD3-49CA-9EB6-CA70F747170B}.Release|x64.ActiveCfg = Release|Any CPU
		{8906705E-CBD3-49CA-9EB6-CA70F747170B}.Release|x64.Build.0 = Release|Any CPU
		{8906705E-CBD3-49CA-9EB6-CA70F747170B}.Release|x86.ActiveCfg = Release|Any CPU
		{8906705E-CBD3-49CA-9EB6-CA70F747170B}.Release|x86.Build.0 = Release|Any CPU
	EndGlobalSection
	GlobalSection(SolutionProperties) = preSolution
		HideSolutionNode = FALSE
	EndGlobalSection
	GlobalSection(NestedProjects) = preSolution
		{CFE4FA6E-8790-4FBB-8466-A67392D8D661} = {D6456BFD-8793-43C7-BFEE-F5801251FA32}
		{385B5EA6-B244-41BB-962C-1796116D7B3D} = {D6456BFD-8793-43C7-BFEE-F5801251FA32}
		{75E296DD-1259-4673-B59C-BCAB86FE2712} = {D6456BFD-8793-43C7-BFEE-F5801251FA32}
		{980001C3-6608-44F1-BA25-B65093C9895A} = {D6456BFD-8793-43C7-BFEE-F5801251FA32}
	EndGlobalSection
	GlobalSection(ExtensibilityGlobals) = postSolution
		SolutionGuid = {96951669-10E8-4B95-A785-0E3873B6DE18}
	EndGlobalSection
EndGlobal
